
Microsoft Visual Studio Solution File, Format Version 12.00
# Visual Studio Version 17
VisualStudioVersion = 17.5.33424.131
MinimumVisualStudioVersion = 10.0.40219.1
Project("{FAE04EC0-301F-11D3-BF4B-00C04F79EFBC}") = "WPFClient", "WPFClient.csproj", "{67404284-C48A-4CEA-B14E-2ECA2896BD39}"
EndProject
Global
	GlobalSection(SolutionConfigurationPlatforms) = preSolution
		Debug|Any CPU = Debug|Any CPU
		Release|Any CPU = Release|Any CPU
	EndGlobalSection
	GlobalSection(ProjectConfigurationPlatforms) = postSolution
		{67404284-C48A-4CEA-B14E-2ECA2896BD39}.Debug|Any CPU.ActiveCfg = Debug|Any CPU
		{67404284-C48A-4CEA-B14E-2ECA2896BD39}.Debug|Any CPU.Build.0 = Debug|Any CPU
		{67404284-C48A-4CEA-B14E-2ECA2896BD39}.Release|Any CPU.ActiveCfg = Release|Any CPU
		{67404284-C48A-4CEA-B14E-2ECA2896BD39}.Release|Any CPU.Build.0 = Release|Any CPU
	EndGlobalSection
	GlobalSection(SolutionProperties) = preSolution
		HideSolutionNode = FALSE
	EndGlobalSection
	GlobalSection(ExtensibilityGlobals) = postSolution
		SolutionGuid = {BDBAA717-D0DE-4941-B956-5120F30BBB2A}
	EndGlobalSection
EndGlobal
